
Microsoft Visual Studio Solution File, Format Version 12.00
# Visual Studio Version 17
VisualStudioVersion = 17.4.33110.190
MinimumVisualStudioVersion = 10.0.40219.1
Project("{9A19103F-16F7-4668-BE54-9A1E7A4F7556}") = "DaprCounterASPNET", "DaprCounterASPNET.csproj", "{7CED2A20-22BD-4119-A4BD-A6F45930F4AD}"
EndProject
Project("{E53339B2-1760-4266-BCC7-CA923CBCF16C}") = "docker-compose", "docker-compose.dcproj", "{44605901-CD68-4C82-A29C-AEA6C5C0F233}"
EndProject
Global
	GlobalSection(SolutionConfigurationPlatforms) = preSolution
		Debug|Any CPU = Debug|Any CPU
		Release|Any CPU = Release|Any CPU
	EndGlobalSection
	GlobalSection(ProjectConfigurationPlatforms) = postSolution
		{7CED2A20-22BD-4119-A4BD-A6F45930F4AD}.Debug|Any CPU.ActiveCfg = Debug|Any CPU
		{7CED2A20-22BD-4119-A4BD-A6F45930F4AD}.Debug|Any CPU.Build.0 = Debug|Any CPU
		{7CED2A20-22BD-4119-A4BD-A6F45930F4AD}.Release|Any CPU.ActiveCfg = Release|Any CPU
		{7CED2A20-22BD-4119-A4BD-A6F45930F4AD}.Release|Any CPU.Build.0 = Release|Any CPU
		{44605901-CD68-4C82-A29C-AEA6C5C0F233}.Debug|Any CPU.ActiveCfg = Debug|Any CPU
		{44605901-CD68-4C82-A29C-AEA6C5C0F233}.Debug|Any CPU.Build.0 = Debug|Any CPU
		{44605901-CD68-4C82-A29C-AEA6C5C0F233}.Release|Any CPU.ActiveCfg = Release|Any CPU
		{44605901-CD68-4C82-A29C-AEA6C5C0F233}.Release|Any CPU.Build.0 = Release|Any CPU
	EndGlobalSection
	GlobalSection(SolutionProperties) = preSolution
		HideSolutionNode = FALSE
	EndGlobalSection
	GlobalSection(ExtensibilityGlobals) = postSolution
		SolutionGuid = {97634B5D-E62E-42B4-A39C-CD4215929580}
	EndGlobalSection
EndGlobal
